
Microsoft Visual Studio Solution File, Format Version 12.00
# Visual Studio 15
VisualStudioVersion = 15.0.26730.12
MinimumVisualStudioVersion = 10.0.40219.1
Project("{FAE04EC0-301F-11D3-BF4B-00C04F79EFBC}") = "FAF-DevEnv", "WpfApp1\FAF-DevEnv.csproj", "{CDB3B008-C669-4EC8-B44A-77DDBB2428DE}"
EndProject
Global
	GlobalSection(SolutionConfigurationPlatforms) = preSolution
		Debug|Any CPU = Debug|Any CPU
		Release|Any CPU = Release|Any CPU
	EndGlobalSection
	GlobalSection(ProjectConfigurationPlatforms) = postSolution
		{CDB3B008-C669-4EC8-B44A-77DDBB2428DE}.Debug|Any CPU.ActiveCfg = Debug|Any CPU
		{CDB3B008-C669-4EC8-B44A-77DDBB2428DE}.Debug|Any CPU.Build.0 = Debug|Any CPU
		{CDB3B008-C669-4EC8-B44A-77DDBB2428DE}.Release|Any CPU.ActiveCfg = Release|Any CPU
		{CDB3B008-C669-4EC8-B44A-77DDBB2428DE}.Release|Any CPU.Build.0 = Release|Any CPU
	EndGlobalSection
	GlobalSection(SolutionProperties) = preSolution
		HideSolutionNode = FALSE
	EndGlobalSection
	GlobalSection(ExtensibilityGlobals) = postSolution
		SolutionGuid = {4ADED6BB-116A-4870-8319-4CE83D1CF72C}
	EndGlobalSection
EndGlobal
